
Microsoft Visual Studio Solution File, Format Version 12.00
# Visual Studio 14
VisualStudioVersion = 14.0.25123.0
MinimumVisualStudioVersion = 10.0.40219.1
Project("{FAE04EC0-301F-11D3-BF4B-00C04F79EFBC}") = "Projekt_WPF_Solution", "Projekt_WPF_Solution\Projekt_WPF_Solution.csproj", "{510419CE-CE41-4AF3-96E7-D79D4F4655C3}"
EndProject
Global
	GlobalSection(SolutionConfigurationPlatforms) = preSolution
		Debug|Any CPU = Debug|Any CPU
		Release|Any CPU = Release|Any CPU
	EndGlobalSection
	GlobalSection(ProjectConfigurationPlatforms) = postSolution
		{510419CE-CE41-4AF3-96E7-D79D4F4655C3}.Debug|Any CPU.ActiveCfg = Debug|Any CPU
		{510419CE-CE41-4AF3-96E7-D79D4F4655C3}.Debug|Any CPU.Build.0 = Debug|Any CPU
		{510419CE-CE41-4AF3-96E7-D79D4F4655C3}.Release|Any CPU.ActiveCfg = Release|Any CPU
		{510419CE-CE41-4AF3-96E7-D79D4F4655C3}.Release|Any CPU.Build.0 = Release|Any CPU
	EndGlobalSection
	GlobalSection(SolutionProperties) = preSolution
		HideSolutionNode = FALSE
	EndGlobalSection
EndGlobal
